PODS:
  - Agora_Chat_iOS (1.2.0)
  - AgoraLyricsScore (1.1.5)
  - AgoraRtcEngine_Special_iOS (4.1.1.20)
  - AgoraRtm_iOS (2.1.8)
  - Alamofire (5.8.1)
  - AScenesKit (0.5.3):
    - AUIKitCore (= 0.6.0)
    - libpag
  - AUIKitCore (0.6.0):
    - AUIKitCore/All (= 0.6.0)
  - AUIKitCore/All (0.6.0):
    - Agora_Chat_iOS
    - AgoraLyricsScore
    - AgoraRtcEngine_Special_iOS (~> 4.1.1.1)
    - AgoraRtm_iOS (= 2.1.8)
    - Alamofire
    - MJRefresh
    - ScoreEffectUI
    - SDWebImage (~> 4.4.8)
    - SwiftTheme
    - SwiftyBeaver (~> 1.9.5)
    - YYModel
    - Zip
  - libpag (4.3.45)
  - MJRefresh (3.7.6)
  - ScoreEffectUI (1.0.2)
  - SDWebImage (4.4.8):
    - SDWebImage/Core (= 4.4.8)
  - SDWebImage/Core (4.4.8)
  - SwiftTheme (0.6.4)
  - SwiftyBeaver (1.9.5)
  - YYModel (1.0.4)
  - Zip (2.1.2)

DEPENDENCIES:
  - AgoraRtcEngine_Special_iOS (= 4.1.1.20)
  - AScenesKit (from `../AScenesKit`)
  - AUIKitCore (from `../../../AUIKit`)

SPEC REPOS:
  https://github.com/CocoaPods/Specs.git:
    - Agora_Chat_iOS
    - AgoraLyricsScore
    - AgoraRtcEngine_Special_iOS
    - AgoraRtm_iOS
    - Alamofire
    - libpag
    - MJRefresh
    - ScoreEffectUI
    - SDWebImage
    - SwiftTheme
    - SwiftyBeaver
    - YYModel
    - Zip

EXTERNAL SOURCES:
  AScenesKit:
    :path: "../AScenesKit"
  AUIKitCore:
    :path: "../../../AUIKit"

SPEC CHECKSUMS:
  Agora_Chat_iOS: e11aa75b290e5e8a6b90c1c73642ac1172a71b97
  AgoraLyricsScore: e080f77403bc2a55c4d032d317e9c922cbce9f6d
  AgoraRtcEngine_Special_iOS: b4c357c188d6af620f272f0d7b664d99e760a86e
  AgoraRtm_iOS: 9fb76b5f71900d012aaed6c033e235d6fd201ed9
  Alamofire: 3ca42e259043ee0dc5c0cdd76c4bc568b8e42af7
  AScenesKit: 8e58e7dedd0d9dafe6121b243a3cfd593860e89c
  AUIKitCore: 4d63dd31d26415cd3c7b63d5fa6e5c89b7f869e1
  libpag: 5abe80aba308e2aa7af4de69f0061aeaa81a3089
  MJRefresh: 2fe7fb43a5167ceda20bb7e63f130c04fd1814a5
  ScoreEffectUI: bf1195b4d41a73d43c236450b5d7f958989844aa
  SDWebImage: 783af2c3fa36291a250030c4752ee370a9a51d13
  SwiftTheme: 007cbaf1f9e171caf6448a4657533e54c682b285
  SwiftyBeaver: 84069991dd5dca07d7069100985badaca7f0ce82
  YYModel: 2a7fdd96aaa4b86a824e26d0c517de8928c04b30
  Zip: b3fef584b147b6e582b2256a9815c897d60ddc67

PODFILE CHECKSUM: f365bd94e3fe342489ec838fc3e82967ee6d770a

COCOAPODS: 1.12.1
