// !$*UTF8*$!
{
	archiveVersion = 1;
	classes = {
	};
	objectVersion = 56;
	objects = {

/* Begin PBXBuildFile section */
		3BD67950EF9F473AAE62A749 /* Pods_AUiKaraokeApp.framework in Frameworks */ = {isa = PBXBuildFile; fileRef = 19E3F1759DDCBE6700E99AC3 /* Pods_AUiKaraokeApp.framework */; };
		DD1E81D32A03B522008A49D0 /* AppDelegate.swift in Sources */ = {isa = PBXBuildFile; fileRef = DD1E81D22A03B522008A49D0 /* AppDelegate.swift */; };
		DD1E81D52A03B522008A49D0 /* SceneDelegate.swift in Sources */ = {isa = PBXBuildFile; fileRef = DD1E81D42A03B522008A49D0 /* SceneDelegate.swift */; };
		DD1E81DA2A03B522008A49D0 /* Main.storyboard in Resources */ = {isa = PBXBuildFile; fileRef = DD1E81D82A03B522008A49D0 /* Main.storyboard */; };
		DD1E81DC2A03B523008A49D0 /* Assets.xcassets in Resources */ = {isa = PBXBuildFile; fileRef = DD1E81DB2A03B523008A49D0 /* Assets.xcassets */; };
		DD1E81DF2A03B523008A49D0 /* LaunchScreen.storyboard in Resources */ = {isa = PBXBuildFile; fileRef = DD1E81DD2A03B523008A49D0 /* LaunchScreen.storyboard */; };
		DD1E81EA2A03B523008A49D0 /* AUiKaraokeAppTests.swift in Sources */ = {isa = PBXBuildFile; fileRef = DD1E81E92A03B523008A49D0 /* AUiKaraokeAppTests.swift */; };
		DD1E81F42A03B523008A49D0 /* AUiKaraokeAppUITests.swift in Sources */ = {isa = PBXBuildFile; fileRef = DD1E81F32A03B523008A49D0 /* AUiKaraokeAppUITests.swift */; };
		DD1E81F62A03B523008A49D0 /* AUiKaraokeAppUITestsLaunchTests.swift in Sources */ = {isa = PBXBuildFile; fileRef = DD1E81F52A03B523008A49D0 /* AUiKaraokeAppUITestsLaunchTests.swift */; };
		DD1E820A2A03B6D6008A49D0 /* KaraokeUIKit.swift in Sources */ = {isa = PBXBuildFile; fileRef = DD1E82022A03B6D6008A49D0 /* KaraokeUIKit.swift */; };
		DD1E820B2A03B6D6008A49D0 /* UserInfo.swift in Sources */ = {isa = PBXBuildFile; fileRef = DD1E82052A03B6D6008A49D0 /* UserInfo.swift */; };
		DD1E820C2A03B6D6008A49D0 /* AUiRoomListCell.swift in Sources */ = {isa = PBXBuildFile; fileRef = DD1E82072A03B6D6008A49D0 /* AUiRoomListCell.swift */; };
		DD1E820D2A03B6D6008A49D0 /* AUiRoomListViewController.swift in Sources */ = {isa = PBXBuildFile; fileRef = DD1E82082A03B6D6008A49D0 /* AUiRoomListViewController.swift */; };
		DD1E820E2A03B6D6008A49D0 /* RoomViewController.swift in Sources */ = {isa = PBXBuildFile; fileRef = DD1E82092A03B6D6008A49D0 /* RoomViewController.swift */; };
		DD1E82142A060070008A49D0 /* KeyCenter.swift in Sources */ = {isa = PBXBuildFile; fileRef = DD1E82132A060070008A49D0 /* KeyCenter.swift */; };
/* End PBXBuildFile section */

/* Begin PBXContainerItemProxy section */
		DD1E81E62A03B523008A49D0 /* PBXContainerItemProxy */ = {
			isa = PBXContainerItemProxy;
			containerPortal = DD1E81C72A03B522008A49D0 /* Project object */;
			proxyType = 1;
			remoteGlobalIDString = DD1E81CE2A03B522008A49D0;
			remoteInfo = AUiKaraokeApp;
		};
		DD1E81F02A03B523008A49D0 /* PBXContainerItemProxy */ = {
			isa = PBXContainerItemProxy;
			containerPortal = DD1E81C72A03B522008A49D0 /* Project object */;
			proxyType = 1;
			remoteGlobalIDString = DD1E81CE2A03B522008A49D0;
			remoteInfo = AUiKaraokeApp;
		};
/* End PBXContainerItemProxy section */

/* Begin PBXFileReference section */
		19E3F1759DDCBE6700E99AC3 /* Pods_AUiKaraokeApp.framework */ = {isa = PBXFileReference; explicitFileType = wrapper.framework; includeInIndex = 0; path = Pods_AUiKaraokeApp.framework; sourceTree = BUILT_PRODUCTS_DIR; };
		1DF7CAB98945D29A171D4746 /* Pods-AUiKaraokeApp.release.xcconfig */ = {isa = PBXFileReference; includeInIndex = 1; lastKnownFileType = text.xcconfig; name = "Pods-AUiKaraokeApp.release.xcconfig"; path = "Target Support Files/Pods-AUiKaraokeApp/Pods-AUiKaraokeApp.release.xcconfig"; sourceTree = "<group>"; };
		A87634E6E90A91441FA00103 /* Pods-AUiKaraokeApp.debug.xcconfig */ = {isa = PBXFileReference; includeInIndex = 1; lastKnownFileType = text.xcconfig; name = "Pods-AUiKaraokeApp.debug.xcconfig"; path = "Target Support Files/Pods-AUiKaraokeApp/Pods-AUiKaraokeApp.debug.xcconfig"; sourceTree = "<group>"; };
		DD1E81CF2A03B522008A49D0 /* AUiKaraokeApp.app */ = {isa = PBXFileReference; explicitFileType = wrapper.application; includeInIndex = 0; path = AUiKaraokeApp.app; sourceTree = BUILT_PRODUCTS_DIR; };
		DD1E81D22A03B522008A49D0 /* AppDelegate.swift */ = {isa = PBXFileReference; lastKnownFileType = sourcecode.swift; path = AppDelegate.swift; sourceTree = "<group>"; };
		DD1E81D42A03B522008A49D0 /* SceneDelegate.swift */ = {isa = PBXFileReference; lastKnownFileType = sourcecode.swift; path = SceneDelegate.swift; sourceTree = "<group>"; };
		DD1E81D92A03B522008A49D0 /* Base */ = {isa = PBXFileReference; lastKnownFileType = file.storyboard; name = Base; path = Base.lproj/Main.storyboard; sourceTree = "<group>"; };
		DD1E81DB2A03B523008A49D0 /* Assets.xcassets */ = {isa = PBXFileReference; lastKnownFileType = folder.assetcatalog; path = Assets.xcassets; sourceTree = "<group>"; };
		DD1E81DE2A03B523008A49D0 /* Base */ = {isa = PBXFileReference; lastKnownFileType = file.storyboard; name = Base; path = Base.lproj/LaunchScreen.storyboard; sourceTree = "<group>"; };
		DD1E81E02A03B523008A49D0 /* Info.plist */ = {isa = PBXFileReference; lastKnownFileType = text.plist.xml; path = Info.plist; sourceTree = "<group>"; };
		DD1E81E52A03B523008A49D0 /* AUiKaraokeAppTests.xctest */ = {isa = PBXFileReference; explicitFileType = wrapper.cfbundle; includeInIndex = 0; path = AUiKaraokeAppTests.xctest; sourceTree = BUILT_PRODUCTS_DIR; };
		DD1E81E92A03B523008A49D0 /* AUiKaraokeAppTests.swift */ = {isa = PBXFileReference; lastKnownFileType = sourcecode.swift; path = AUiKaraokeAppTests.swift; sourceTree = "<group>"; };
		DD1E81EF2A03B523008A49D0 /* AUiKaraokeAppUITests.xctest */ = {isa = PBXFileReference; explicitFileType = wrapper.cfbundle; includeInIndex = 0; path = AUiKaraokeAppUITests.xctest; sourceTree = BUILT_PRODUCTS_DIR; };
		DD1E81F32A03B523008A49D0 /* AUiKaraokeAppUITests.swift */ = {isa = PBXFileReference; lastKnownFileType = sourcecode.swift; path = AUiKaraokeAppUITests.swift; sourceTree = "<group>"; };
		DD1E81F52A03B523008A49D0 /* AUiKaraokeAppUITestsLaunchTests.swift */ = {isa = PBXFileReference; lastKnownFileType = sourcecode.swift; path = AUiKaraokeAppUITestsLaunchTests.swift; sourceTree = "<group>"; };
		DD1E82022A03B6D6008A49D0 /* KaraokeUIKit.swift */ = {isa = PBXFileReference; fileEncoding = 4; lastKnownFileType = sourcecode.swift; path = KaraokeUIKit.swift; sourceTree = "<group>"; };
		DD1E82052A03B6D6008A49D0 /* UserInfo.swift */ = {isa = PBXFileReference; fileEncoding = 4; lastKnownFileType = sourcecode.swift; path = UserInfo.swift; sourceTree = "<group>"; };
		DD1E82072A03B6D6008A49D0 /* AUiRoomListCell.swift */ = {isa = PBXFileReference; fileEncoding = 4; lastKnownFileType = sourcecode.swift; path = AUiRoomListCell.swift; sourceTree = "<group>"; };
		DD1E82082A03B6D6008A49D0 /* AUiRoomListViewController.swift */ = {isa = PBXFileReference; fileEncoding = 4; lastKnownFileType = sourcecode.swift; path = AUiRoomListViewController.swift; sourceTree = "<group>"; };
		DD1E82092A03B6D6008A49D0 /* RoomViewController.swift */ = {isa = PBXFileReference; fileEncoding = 4; lastKnownFileType = sourcecode.swift; path = RoomViewController.swift; sourceTree = "<group>"; };
		DD1E82112A04E360008A49D0 /* zh-Hans */ = {isa = PBXFileReference; lastKnownFileType = text.plist.strings; name = "zh-Hans"; path = "zh-Hans.lproj/Main.strings"; sourceTree = "<group>"; };
		DD1E82122A04E362008A49D0 /* zh-Hans */ = {isa = PBXFileReference; lastKnownFileType = text.plist.strings; name = "zh-Hans"; path = "zh-Hans.lproj/LaunchScreen.strings"; sourceTree = "<group>"; };
		DD1E82132A060070008A49D0 /* KeyCenter.swift */ = {isa = PBXFileReference; lastKnownFileType = sourcecode.swift; path = KeyCenter.swift; sourceTree = "<group>"; };
/* End PBXFileReference section */

/* Begin PBXFrameworksBuildPhase section */
		DD1E81CC2A03B522008A49D0 /* Frameworks */ = {
			isa = PBXFrameworksBuildPhase;
			buildActionMask = 2147483647;
			files = (
				3BD67950EF9F473AAE62A749 /* Pods_AUiKaraokeApp.framework in Frameworks */,
			);
			runOnlyForDeploymentPostprocessing = 0;
		};
		DD1E81E22A03B523008A49D0 /* Frameworks */ = {
			isa = PBXFrameworksBuildPhase;
			buildActionMask = 2147483647;
			files = (
			);
			runOnlyForDeploymentPostprocessing = 0;
		};
		DD1E81EC2A03B523008A49D0 /* Frameworks */ = {
			isa = PBXFrameworksBuildPhase;
			buildActionMask = 2147483647;
			files = (
			);
			runOnlyForDeploymentPostprocessing = 0;
		};
/* End PBXFrameworksBuildPhase section */

/* Begin PBXGroup section */
		1880108164DA892291436267 /* Pods */ = {
			isa = PBXGroup;
			children = (
				A87634E6E90A91441FA00103 /* Pods-AUiKaraokeApp.debug.xcconfig */,
				1DF7CAB98945D29A171D4746 /* Pods-AUiKaraokeApp.release.xcconfig */,
			);
			path = Pods;
			sourceTree = "<group>";
		};
		320D93F74F0A0B625AB33C65 /* Frameworks */ = {
			isa = PBXGroup;
			children = (
				19E3F1759DDCBE6700E99AC3 /* Pods_AUiKaraokeApp.framework */,
			);
			name = Frameworks;
			sourceTree = "<group>";
		};
		DD1E81C62A03B522008A49D0 = {
			isa = PBXGroup;
			children = (
				DD1E81D12A03B522008A49D0 /* AUiKaraokeApp */,
				DD1E81E82A03B523008A49D0 /* AUiKaraokeAppTests */,
				DD1E81F22A03B523008A49D0 /* AUiKaraokeAppUITests */,
				DD1E81D02A03B522008A49D0 /* Products */,
				1880108164DA892291436267 /* Pods */,
				320D93F74F0A0B625AB33C65 /* Frameworks */,
			);
			sourceTree = "<group>";
		};
		DD1E81D02A03B522008A49D0 /* Products */ = {
			isa = PBXGroup;
			children = (
				DD1E81CF2A03B522008A49D0 /* AUiKaraokeApp.app */,
				DD1E81E52A03B523008A49D0 /* AUiKaraokeAppTests.xctest */,
				DD1E81EF2A03B523008A49D0 /* AUiKaraokeAppUITests.xctest */,
			);
			name = Products;
			sourceTree = "<group>";
		};
		DD1E81D12A03B522008A49D0 /* AUiKaraokeApp */ = {
			isa = PBXGroup;
			children = (
				DD1E82062A03B6D6008A49D0 /* List */,
				DD1E82032A03B6D6008A49D0 /* Model */,
				DD1E82022A03B6D6008A49D0 /* KaraokeUIKit.swift */,
				DD1E82092A03B6D6008A49D0 /* RoomViewController.swift */,
				DD1E81D22A03B522008A49D0 /* AppDelegate.swift */,
				DD1E81D42A03B522008A49D0 /* SceneDelegate.swift */,
				DD1E81D82A03B522008A49D0 /* Main.storyboard */,
				DD1E81DB2A03B523008A49D0 /* Assets.xcassets */,
				DD1E81DD2A03B523008A49D0 /* LaunchScreen.storyboard */,
				DD1E81E02A03B523008A49D0 /* Info.plist */,
				DD1E82132A060070008A49D0 /* KeyCenter.swift */,
			);
			path = AUiKaraokeApp;
			sourceTree = "<group>";
		};
		DD1E81E82A03B523008A49D0 /* AUiKaraokeAppTests */ = {
			isa = PBXGroup;
			children = (
				DD1E81E92A03B523008A49D0 /* AUiKaraokeAppTests.swift */,
			);
			path = AUiKaraokeAppTests;
			sourceTree = "<group>";
		};
		DD1E81F22A03B523008A49D0 /* AUiKaraokeAppUITests */ = {
			isa = PBXGroup;
			children = (
				DD1E81F32A03B523008A49D0 /* AUiKaraokeAppUITests.swift */,
				DD1E81F52A03B523008A49D0 /* AUiKaraokeAppUITestsLaunchTests.swift */,
			);
			path = AUiKaraokeAppUITests;
			sourceTree = "<group>";
		};
		DD1E82032A03B6D6008A49D0 /* Model */ = {
			isa = PBXGroup;
			children = (
				DD1E82042A03B6D6008A49D0 /* User */,
			);
			path = Model;
			sourceTree = "<group>";
		};
		DD1E82042A03B6D6008A49D0 /* User */ = {
			isa = PBXGroup;
			children = (
				DD1E82052A03B6D6008A49D0 /* UserInfo.swift */,
			);
			path = User;
			sourceTree = "<group>";
		};
		DD1E82062A03B6D6008A49D0 /* List */ = {
			isa = PBXGroup;
			children = (
				DD1E82072A03B6D6008A49D0 /* AUiRoomListCell.swift */,
				DD1E82082A03B6D6008A49D0 /* AUiRoomListViewController.swift */,
			);
			path = List;
			sourceTree = "<group>";
		};
/* End PBXGroup section */

/* Begin PBXNativeTarget section */
		DD1E81CE2A03B522008A49D0 /* AUiKaraokeApp */ = {
			isa = PBXNativeTarget;
			buildConfigurationList = DD1E81F92A03B523008A49D0 /* Build configuration list for PBXNativeTarget "AUiKaraokeApp" */;
			buildPhases = (
				F238D1618EAC4D8C66809EC8 /* [CP] Check Pods Manifest.lock */,
				DD1E81CB2A03B522008A49D0 /* Sources */,
				DD1E81CC2A03B522008A49D0 /* Frameworks */,
				DD1E81CD2A03B522008A49D0 /* Resources */,
				CD496692AD716F76642F1F98 /* [CP] Embed Pods Frameworks */,
				60B0B2A2F318366635A42C0D /* [CP] Copy Pods Resources */,
			);
			buildRules = (
			);
			dependencies = (
			);
			name = AUiKaraokeApp;
			productName = AUiKaraokeApp;
			productReference = DD1E81CF2A03B522008A49D0 /* AUiKaraokeApp.app */;
			productType = "com.apple.product-type.application";
		};
		DD1E81E42A03B523008A49D0 /* AUiKaraokeAppTests */ = {
			isa = PBXNativeTarget;
			buildConfigurationList = DD1E81FC2A03B523008A49D0 /* Build configuration list for PBXNativeTarget "AUiKaraokeAppTests" */;
			buildPhases = (
				DD1E81E12A03B523008A49D0 /* Sources */,
				DD1E81E22A03B523008A49D0 /* Frameworks */,
				DD1E81E32A03B523008A49D0 /* Resources */,
			);
			buildRules = (
			);
			dependencies = (
				DD1E81E72A03B523008A49D0 /* PBXTargetDependency */,
			);
			name = AUiKaraokeAppTests;
			productName = AUiKaraokeAppTests;
			productReference = DD1E81E52A03B523008A49D0 /* AUiKaraokeAppTests.xctest */;
			productType = "com.apple.product-type.bundle.unit-test";
		};
		DD1E81EE2A03B523008A49D0 /* AUiKaraokeAppUITests */ = {
			isa = PBXNativeTarget;
			buildConfigurationList = DD1E81FF2A03B523008A49D0 /* Build configuration list for PBXNativeTarget "AUiKaraokeAppUITests" */;
			buildPhases = (
				DD1E81EB2A03B523008A49D0 /* Sources */,
				DD1E81EC2A03B523008A49D0 /* Frameworks */,
				DD1E81ED2A03B523008A49D0 /* Resources */,
			);
			buildRules = (
			);
			dependencies = (
				DD1E81F12A03B523008A49D0 /* PBXTargetDependency */,
			);
			name = AUiKaraokeAppUITests;
			productName = AUiKaraokeAppUITests;
			productReference = DD1E81EF2A03B523008A49D0 /* AUiKaraokeAppUITests.xctest */;
			productType = "com.apple.product-type.bundle.ui-testing";
		};
/* End PBXNativeTarget section */

/* Begin PBXProject section */
		DD1E81C72A03B522008A49D0 /* Project object */ = {
			isa = PBXProject;
			attributes = {
				BuildIndependentTargetsInParallel = 1;
				LastSwiftUpdateCheck = 1420;
				LastUpgradeCheck = 1420;
				TargetAttributes = {
					DD1E81CE2A03B522008A49D0 = {
						CreatedOnToolsVersion = 14.2;
					};
					DD1E81E42A03B523008A49D0 = {
						CreatedOnToolsVersion = 14.2;
						TestTargetID = DD1E81CE2A03B522008A49D0;
					};
					DD1E81EE2A03B523008A49D0 = {
						CreatedOnToolsVersion = 14.2;
						TestTargetID = DD1E81CE2A03B522008A49D0;
					};
				};
			};
			buildConfigurationList = DD1E81CA2A03B522008A49D0 /* Build configuration list for PBXProject "AUiKaraokeApp" */;
			compatibilityVersion = "Xcode 14.0";
			developmentRegion = en;
			hasScannedForEncodings = 0;
			knownRegions = (
				en,
				Base,
				"zh-Hans",
			);
			mainGroup = DD1E81C62A03B522008A49D0;
			productRefGroup = DD1E81D02A03B522008A49D0 /* Products */;
			projectDirPath = "";
			projectRoot = "";
			targets = (
				DD1E81CE2A03B522008A49D0 /* AUiKaraokeApp */,
				DD1E81E42A03B523008A49D0 /* AUiKaraokeAppTests */,
				DD1E81EE2A03B523008A49D0 /* AUiKaraokeAppUITests */,
			);
		};
/* End PBXProject section */

/* Begin PBXResourcesBuildPhase section */
		DD1E81CD2A03B522008A49D0 /* Resources */ = {
			isa = PBXResourcesBuildPhase;
			buildActionMask = 2147483647;
			files = (
				DD1E81DF2A03B523008A49D0 /* LaunchScreen.storyboard in Resources */,
				DD1E81DC2A03B523008A49D0 /* Assets.xcassets in Resources */,
				DD1E81DA2A03B522008A49D0 /* Main.storyboard in Resources */,
			);
			runOnlyForDeploymentPostprocessing = 0;
		};
		DD1E81E32A03B523008A49D0 /* Resources */ = {
			isa = PBXResourcesBuildPhase;
			buildActionMask = 2147483647;
			files = (
			);
			runOnlyForDeploymentPostprocessing = 0;
		};
		DD1E81ED2A03B523008A49D0 /* Resources */ = {
			isa = PBXResourcesBuildPhase;
			buildActionMask = 2147483647;
			files = (
			);
			runOnlyForDeploymentPostprocessing = 0;
		};
/* End PBXResourcesBuildPhase section */

/* Begin PBXShellScriptBuildPhase section */
		60B0B2A2F318366635A42C0D /* [CP] Copy Pods Resources */ = {
			isa = PBXShellScriptBuildPhase;
			buildActionMask = 2147483647;
			files = (
			);
			inputFileListPaths = (
				"${PODS_ROOT}/Target Support Files/Pods-AUiKaraokeApp/Pods-AUiKaraokeApp-resources-${CONFIGURATION}-input-files.xcfilelist",
			);
			name = "[CP] Copy Pods Resources";
			outputFileListPaths = (
				"${PODS_ROOT}/Target Support Files/Pods-AUiKaraokeApp/Pods-AUiKaraokeApp-resources-${CONFIGURATION}-output-files.xcfilelist",
			);
			runOnlyForDeploymentPostprocessing = 0;
			shellPath = /bin/sh;
			shellScript = "\"${PODS_ROOT}/Target Support Files/Pods-AUiKaraokeApp/Pods-AUiKaraokeApp-resources.sh\"\n";
			showEnvVarsInLog = 0;
		};
		CD496692AD716F76642F1F98 /* [CP] Embed Pods Frameworks */ = {
			isa = PBXShellScriptBuildPhase;
			buildActionMask = 2147483647;
			files = (
			);
			inputFileListPaths = (
				"${PODS_ROOT}/Target Support Files/Pods-AUiKaraokeApp/Pods-AUiKaraokeApp-frameworks-${CONFIGURATION}-input-files.xcfilelist",
			);
			name = "[CP] Embed Pods Frameworks";
			outputFileListPaths = (
				"${PODS_ROOT}/Target Support Files/Pods-AUiKaraokeApp/Pods-AUiKaraokeApp-frameworks-${CONFIGURATION}-output-files.xcfilelist",
			);
			runOnlyForDeploymentPostprocessing = 0;
			shellPath = /bin/sh;
			shellScript = "\"${PODS_ROOT}/Target Support Files/Pods-AUiKaraokeApp/Pods-AUiKaraokeApp-frameworks.sh\"\n";
			showEnvVarsInLog = 0;
		};
		F238D1618EAC4D8C66809EC8 /* [CP] Check Pods Manifest.lock */ = {
			isa = PBXShellScriptBuildPhase;
			buildActionMask = 2147483647;
			files = (
			);
			inputFileListPaths = (
			);
			inputPaths = (
				"${PODS_PODFILE_DIR_PATH}/Podfile.lock",
				"${PODS_ROOT}/Manifest.lock",
			);
			name = "[CP] Check Pods Manifest.lock";
			outputFileListPaths = (
			);
			outputPaths = (
				"$(DERIVED_FILE_DIR)/Pods-AUiKaraokeApp-checkManifestLockResult.txt",
			);
			runOnlyForDeploymentPostprocessing = 0;
			shellPath = /bin/sh;
			shellScript = "diff \"${PODS_PODFILE_DIR_PATH}/Podfile.lock\" \"${PODS_ROOT}/Manifest.lock\" > /dev/null\nif [ $? != 0 ] ; then\n    # print error to STDERR\n    echo \"error: The sandbox is not in sync with the Podfile.lock. Run 'pod install' or update your CocoaPods installation.\" >&2\n    exit 1\nfi\n# This output is used by Xcode 'outputs' to avoid re-running this script phase.\necho \"SUCCESS\" > \"${SCRIPT_OUTPUT_FILE_0}\"\n";
			showEnvVarsInLog = 0;
		};
/* End PBXShellScriptBuildPhase section */

/* Begin PBXSourcesBuildPhase section */
		DD1E81CB2A03B522008A49D0 /* Sources */ = {
			isa = PBXSourcesBuildPhase;
			buildActionMask = 2147483647;
			files = (
				DD1E820C2A03B6D6008A49D0 /* AUiRoomListCell.swift in Sources */,
				DD1E820B2A03B6D6008A49D0 /* UserInfo.swift in Sources */,
				DD1E820E2A03B6D6008A49D0 /* RoomViewController.swift in Sources */,
				DD1E81D32A03B522008A49D0 /* AppDelegate.swift in Sources */,
				DD1E82142A060070008A49D0 /* KeyCenter.swift in Sources */,
				DD1E820A2A03B6D6008A49D0 /* KaraokeUIKit.swift in Sources */,
				DD1E81D52A03B522008A49D0 /* SceneDelegate.swift in Sources */,
				DD1E820D2A03B6D6008A49D0 /* AUiRoomListViewController.swift in Sources */,
			);
			runOnlyForDeploymentPostprocessing = 0;
		};
		DD1E81E12A03B523008A49D0 /* Sources */ = {
			isa = PBXSourcesBuildPhase;
			buildActionMask = 2147483647;
			files = (
				DD1E81EA2A03B523008A49D0 /* AUiKaraokeAppTests.swift in Sources */,
			);
			runOnlyForDeploymentPostprocessing = 0;
		};
		DD1E81EB2A03B523008A49D0 /* Sources */ = {
			isa = PBXSourcesBuildPhase;
			buildActionMask = 2147483647;
			files = (
				DD1E81F42A03B523008A49D0 /* AUiKaraokeAppUITests.swift in Sources */,
				DD1E81F62A03B523008A49D0 /* AUiKaraokeAppUITestsLaunchTests.swift in Sources */,
			);
			runOnlyForDeploymentPostprocessing = 0;
		};
/* End PBXSourcesBuildPhase section */

/* Begin PBXTargetDependency section */
		DD1E81E72A03B523008A49D0 /* PBXTargetDependency */ = {
			isa = PBXTargetDependency;
			target = DD1E81CE2A03B522008A49D0 /* AUiKaraokeApp */;
			targetProxy = DD1E81E62A03B523008A49D0 /* PBXContainerItemProxy */;
		};
		DD1E81F12A03B523008A49D0 /* PBXTargetDependency */ = {
			isa = PBXTargetDependency;
			target = DD1E81CE2A03B522008A49D0 /* AUiKaraokeApp */;
			targetProxy = DD1E81F02A03B523008A49D0 /* PBXContainerItemProxy */;
		};
/* End PBXTargetDependency section */

/* Begin PBXVariantGroup section */
		DD1E81D82A03B522008A49D0 /* Main.storyboard */ = {
			isa = PBXVariantGroup;
			children = (
				DD1E81D92A03B522008A49D0 /* Base */,
				DD1E82112A04E360008A49D0 /* zh-Hans */,
			);
			name = Main.storyboard;
			sourceTree = "<group>";
		};
		DD1E81DD2A03B523008A49D0 /* LaunchScreen.storyboard */ = {
			isa = PBXVariantGroup;
			children = (
				DD1E81DE2A03B523008A49D0 /* Base */,
				DD1E82122A04E362008A49D0 /* zh-Hans */,
			);
			name = LaunchScreen.storyboard;
			sourceTree = "<group>";
		};
/* End PBXVariantGroup section */

/* Begin XCBuildConfiguration section */
		DD1E81F72A03B523008A49D0 /* Debug */ = {
			isa = XCBuildConfiguration;
			buildSettings = {
				ALWAYS_SEARCH_USER_PATHS = NO;
				CLANG_ANALYZER_LOCALIZABILITY_NONLOCALIZED = YES;
				CLANG_ANALYZER_NONNULL = YES;
				CLANG_ANALYZER_NUMBER_OBJECT_CONVERSION = YES_AGGRESSIVE;
				CLANG_CXX_LANGUAGE_STANDARD = "gnu++20";
				CLANG_ENABLE_MODULES = YES;
				CLANG_ENABLE_OBJC_ARC = YES;
				CLANG_ENABLE_OBJC_WEAK = YES;
				CLANG_WARN_BLOCK_CAPTURE_AUTORELEASING = YES;
				CLANG_WARN_BOOL_CONVERSION = YES;
				CLANG_WARN_COMMA = YES;
				CLANG_WARN_CONSTANT_CONVERSION = YES;
				CLANG_WARN_DEPRECATED_OBJC_IMPLEMENTATIONS = YES;
				CLANG_WARN_DIRECT_OBJC_ISA_USAGE = YES_ERROR;
				CLANG_WARN_DOCUMENTATION_COMMENTS = YES;
				CLANG_WARN_EMPTY_BODY = YES;
				CLANG_WARN_ENUM_CONVERSION = YES;
				CLANG_WARN_INFINITE_RECURSION = YES;
				CLANG_WARN_INT_CONVERSION = YES;
				CLANG_WARN_NON_LITERAL_NULL_CONVERSION = YES;
				CLANG_WARN_OBJC_IMPLICIT_RETAIN_SELF = YES;
				CLANG_WARN_OBJC_LITERAL_CONVERSION = YES;
				CLANG_WARN_OBJC_ROOT_CLASS = YES_ERROR;
				CLANG_WARN_QUOTED_INCLUDE_IN_FRAMEWORK_HEADER = YES;
				CLANG_WARN_RANGE_LOOP_ANALYSIS = YES;
				CLANG_WARN_STRICT_PROTOTYPES = YES;
				CLANG_WARN_SUSPICIOUS_MOVE = YES;
				CLANG_WARN_UNGUARDED_AVAILABILITY = YES_AGGRESSIVE;
				CLANG_WARN_UNREACHABLE_CODE = YES;
				CLANG_WARN__DUPLICATE_METHOD_MATCH = YES;
				COPY_PHASE_STRIP = NO;
				DEBUG_INFORMATION_FORMAT = dwarf;
				ENABLE_STRICT_OBJC_MSGSEND = YES;
				ENABLE_TESTABILITY = YES;
				GCC_C_LANGUAGE_STANDARD = gnu11;
				GCC_DYNAMIC_NO_PIC = NO;
				GCC_NO_COMMON_BLOCKS = YES;
				GCC_OPTIMIZATION_LEVEL = 0;
				GCC_PREPROCESSOR_DEFINITIONS = (
					"DEBUG=1",
					"$(inherited)",
				);
				GCC_WARN_64_TO_32_BIT_CONVERSION = YES;
				GCC_WARN_ABOUT_RETURN_TYPE = YES_ERROR;
				GCC_WARN_UNDECLARED_SELECTOR = YES;
				GCC_WARN_UNINITIALIZED_AUTOS = YES_AGGRESSIVE;
				GCC_WARN_UNUSED_FUNCTION = YES;
				GCC_WARN_UNUSED_VARIABLE = YES;
				IPHONEOS_DEPLOYMENT_TARGET = 13.0;
				MTL_ENABLE_DEBUG_INFO = INCLUDE_SOURCE;
				MTL_FAST_MATH = YES;
				ONLY_ACTIVE_ARCH = YES;
				SDKROOT = iphoneos;
				SWIFT_ACTIVE_COMPILATION_CONDITIONS = DEBUG;
				SWIFT_OPTIMIZATION_LEVEL = "-Onone";
			};
			name = Debug;
		};
		DD1E81F82A03B523008A49D0 /* Release */ = {
			isa = XCBuildConfiguration;
			buildSettings = {
				ALWAYS_SEARCH_USER_PATHS = NO;
				CLANG_ANALYZER_LOCALIZABILITY_NONLOCALIZED = YES;
				CLANG_ANALYZER_NONNULL = YES;
				CLANG_ANALYZER_NUMBER_OBJECT_CONVERSION = YES_AGGRESSIVE;
				CLANG_CXX_LANGUAGE_STANDARD = "gnu++20";
				CLANG_ENABLE_MODULES = YES;
				CLANG_ENABLE_OBJC_ARC = YES;
				CLANG_ENABLE_OBJC_WEAK = YES;
				CLANG_WARN_BLOCK_CAPTURE_AUTORELEASING = YES;
				CLANG_WARN_BOOL_CONVERSION = YES;
				CLANG_WARN_COMMA = YES;
				CLANG_WARN_CONSTANT_CONVERSION = YES;
				CLANG_WARN_DEPRECATED_OBJC_IMPLEMENTATIONS = YES;
				CLANG_WARN_DIRECT_OBJC_ISA_USAGE = YES_ERROR;
				CLANG_WARN_DOCUMENTATION_COMMENTS = YES;
				CLANG_WARN_EMPTY_BODY = YES;
				CLANG_WARN_ENUM_CONVERSION = YES;
				CLANG_WARN_INFINITE_RECURSION = YES;
				CLANG_WARN_INT_CONVERSION = YES;
				CLANG_WARN_NON_LITERAL_NULL_CONVERSION = YES;
				CLANG_WARN_OBJC_IMPLICIT_RETAIN_SELF = YES;
				CLANG_WARN_OBJC_LITERAL_CONVERSION = YES;
				CLANG_WARN_OBJC_ROOT_CLASS = YES_ERROR;
				CLANG_WARN_QUOTED_INCLUDE_IN_FRAMEWORK_HEADER = YES;
				CLANG_WARN_RANGE_LOOP_ANALYSIS = YES;
				CLANG_WARN_STRICT_PROTOTYPES = YES;
				CLANG_WARN_SUSPICIOUS_MOVE = YES;
				CLANG_WARN_UNGUARDED_AVAILABILITY = YES_AGGRESSIVE;
				CLANG_WARN_UNREACHABLE_CODE = YES;
				CLANG_WARN__DUPLICATE_METHOD_MATCH = YES;
				COPY_PHASE_STRIP = NO;
				DEBUG_INFORMATION_FORMAT = "dwarf-with-dsym";
				ENABLE_NS_ASSERTIONS = NO;
				ENABLE_STRICT_OBJC_MSGSEND = YES;
				GCC_C_LANGUAGE_STANDARD = gnu11;
				GCC_NO_COMMON_BLOCKS = YES;
				GCC_WARN_64_TO_32_BIT_CONVERSION = YES;
				GCC_WARN_ABOUT_RETURN_TYPE = YES_ERROR;
				GCC_WARN_UNDECLARED_SELECTOR = YES;
				GCC_WARN_UNINITIALIZED_AUTOS = YES_AGGRESSIVE;
				GCC_WARN_UNUSED_FUNCTION = YES;
				GCC_WARN_UNUSED_VARIABLE = YES;
				IPHONEOS_DEPLOYMENT_TARGET = 13.0;
				MTL_ENABLE_DEBUG_INFO = NO;
				MTL_FAST_MATH = YES;
				SDKROOT = iphoneos;
				SWIFT_COMPILATION_MODE = wholemodule;
				SWIFT_OPTIMIZATION_LEVEL = "-O";
				VALIDATE_PRODUCT = YES;
			};
			name = Release;
		};
		DD1E81FA2A03B523008A49D0 /* Debug */ = {
			isa = XCBuildConfiguration;
			baseConfigurationReference = A87634E6E90A91441FA00103 /* Pods-AUiKaraokeApp.debug.xcconfig */;
			buildSettings = {
				ASSETCATALOG_COMPILER_APPICON_NAME = AppIcon;
				ASSETCATALOG_COMPILER_GLOBAL_ACCENT_COLOR_NAME = AccentColor;
				CODE_SIGN_STYLE = Automatic;
				CURRENT_PROJECT_VERSION = 1;
				DEVELOPMENT_TEAM = YS397FG5PA;
				GENERATE_INFOPLIST_FILE = YES;
				INFOPLIST_FILE = AUiKaraokeApp/Info.plist;
				INFOPLIST_KEY_NSCameraUsageDescription = "UIKit needs to apply for camera access";
				INFOPLIST_KEY_NSMicrophoneUsageDescription = "UIKit needs to apply for microphone access";
				INFOPLIST_KEY_UIApplicationSupportsIndirectInputEvents = YES;
				INFOPLIST_KEY_UILaunchStoryboardName = LaunchScreen;
				INFOPLIST_KEY_UIMainStoryboardFile = Main;
				INFOPLIST_KEY_UISupportedInterfaceOrientations = UIInterfaceOrientationPortrait;
				INFOPLIST_KEY_UISupportedInterfaceOrientations_iPad = "UIInterfaceOrientationLandscapeLeft UIInterfaceOrientationLandscapeRight UIInterfaceOrientationPortrait UIInterfaceOrientationPortraitUpsideDown";
				LD_RUNPATH_SEARCH_PATHS = (
					"$(inherited)",
					"@executable_path/Frameworks",
				);
				MARKETING_VERSION = 1.0;
				PRODUCT_BUNDLE_IDENTIFIER = io.agora.test.AUiKaraokeApp;
				PRODUCT_NAME = "$(TARGET_NAME)";
				SUPPORTED_PLATFORMS = "iphoneos iphonesimulator";
				SUPPORTS_MACCATALYST = NO;
				SUPPORTS_MAC_DESIGNED_FOR_IPHONE_IPAD = YES;
				SWIFT_EMIT_LOC_STRINGS = YES;
				SWIFT_VERSION = 5.0;
				TARGETED_DEVICE_FAMILY = 1;
			};
			name = Debug;
		};
		DD1E81FB2A03B523008A49D0 /* Release */ = {
			isa = XCBuildConfiguration;
			baseConfigurationReference = 1DF7CAB98945D29A171D4746 /* Pods-AUiKaraokeApp.release.xcconfig */;
			buildSettings = {
				ASSETCATALOG_COMPILER_APPICON_NAME = AppIcon;
				ASSETCATALOG_COMPILER_GLOBAL_ACCENT_COLOR_NAME = AccentColor;
				CODE_SIGN_STYLE = Automatic;
				CURRENT_PROJECT_VERSION = 1;
				DEVELOPMENT_TEAM = YS397FG5PA;
				GENERATE_INFOPLIST_FILE = YES;
				INFOPLIST_FILE = AUiKaraokeApp/Info.plist;
				INFOPLIST_KEY_NSCameraUsageDescription = "UIKit needs to apply for camera access";
				INFOPLIST_KEY_NSMicrophoneUsageDescription = "UIKit needs to apply for microphone access";
				INFOPLIST_KEY_UIApplicationSupportsIndirectInputEvents = YES;
				INFOPLIST_KEY_UILaunchStoryboardName = LaunchScreen;
				INFOPLIST_KEY_UIMainStoryboardFile = Main;
				INFOPLIST_KEY_UISupportedInterfaceOrientations = UIInterfaceOrientationPortrait;
				INFOPLIST_KEY_UISupportedInterfaceOrientations_iPad = "UIInterfaceOrientationLandscapeLeft UIInterfaceOrientationLandscapeRight UIInterfaceOrientationPortrait UIInterfaceOrientationPortraitUpsideDown";
				LD_RUNPATH_SEARCH_PATHS = (
					"$(inherited)",
					"@executable_path/Frameworks",
				);
				MARKETING_VERSION = 1.0;
				PRODUCT_BUNDLE_IDENTIFIER = io.agora.test.AUiKaraokeApp;
				PRODUCT_NAME = "$(TARGET_NAME)";
				SUPPORTED_PLATFORMS = "iphoneos iphonesimulator";
				SUPPORTS_MACCATALYST = NO;
				SUPPORTS_MAC_DESIGNED_FOR_IPHONE_IPAD = YES;
				SWIFT_EMIT_LOC_STRINGS = YES;
				SWIFT_VERSION = 5.0;
				TARGETED_DEVICE_FAMILY = 1;
			};
			name = Release;
		};
		DD1E81FD2A03B523008A49D0 /* Debug */ = {
			isa = XCBuildConfiguration;
			buildSettings = {
				ALWAYS_EMBED_SWIFT_STANDARD_LIBRARIES = YES;
				BUNDLE_LOADER = "$(TEST_HOST)";
				CODE_SIGN_STYLE = Automatic;
				CURRENT_PROJECT_VERSION = 1;
				DEVELOPMENT_TEAM = YS397FG5PA;
				GENERATE_INFOPLIST_FILE = YES;
				IPHONEOS_DEPLOYMENT_TARGET = 16.2;
				MARKETING_VERSION = 1.0;
				PRODUCT_BUNDLE_IDENTIFIER = io.agora.test.AUiKaraokeAppTests;
				PRODUCT_NAME = "$(TARGET_NAME)";
				SWIFT_EMIT_LOC_STRINGS = NO;
				SWIFT_VERSION = 5.0;
				TARGETED_DEVICE_FAMILY = "1,2";
				TEST_HOST = "$(BUILT_PRODUCTS_DIR)/AUiKaraokeApp.app/$(BUNDLE_EXECUTABLE_FOLDER_PATH)/AUiKaraokeApp";
			};
			name = Debug;
		};
		DD1E81FE2A03B523008A49D0 /* Release */ = {
			isa = XCBuildConfiguration;
			buildSettings = {
				ALWAYS_EMBED_SWIFT_STANDARD_LIBRARIES = YES;
				BUNDLE_LOADER = "$(TEST_HOST)";
				CODE_SIGN_STYLE = Automatic;
				CURRENT_PROJECT_VERSION = 1;
				DEVELOPMENT_TEAM = YS397FG5PA;
				GENERATE_INFOPLIST_FILE = YES;
				IPHONEOS_DEPLOYMENT_TARGET = 16.2;
				MARKETING_VERSION = 1.0;
				PRODUCT_BUNDLE_IDENTIFIER = io.agora.test.AUiKaraokeAppTests;
				PRODUCT_NAME = "$(TARGET_NAME)";
				SWIFT_EMIT_LOC_STRINGS = NO;
				SWIFT_VERSION = 5.0;
				TARGETED_DEVICE_FAMILY = "1,2";
				TEST_HOST = "$(BUILT_PRODUCTS_DIR)/AUiKaraokeApp.app/$(BUNDLE_EXECUTABLE_FOLDER_PATH)/AUiKaraokeApp";
			};
			name = Release;
		};
		DD1E82002A03B523008A49D0 /* Debug */ = {
			isa = XCBuildConfiguration;
			buildSettings = {
				ALWAYS_EMBED_SWIFT_STANDARD_LIBRARIES = YES;
				CODE_SIGN_STYLE = Automatic;
				CURRENT_PROJECT_VERSION = 1;
				DEVELOPMENT_TEAM = YS397FG5PA;
				GENERATE_INFOPLIST_FILE = YES;
				MARKETING_VERSION = 1.0;
				PRODUCT_BUNDLE_IDENTIFIER = io.agora.test.AUiKaraokeAppUITests;
				PRODUCT_NAME = "$(TARGET_NAME)";
				SWIFT_EMIT_LOC_STRINGS = NO;
				SWIFT_VERSION = 5.0;
				TARGETED_DEVICE_FAMILY = "1,2";
				TEST_TARGET_NAME = AUiKaraokeApp;
			};
			name = Debug;
		};
		DD1E82012A03B523008A49D0 /* Release */ = {
			isa = XCBuildConfiguration;
			buildSettings = {
				ALWAYS_EMBED_SWIFT_STANDARD_LIBRARIES = YES;
				CODE_SIGN_STYLE = Automatic;
				CURRENT_PROJECT_VERSION = 1;
				DEVELOPMENT_TEAM = YS397FG5PA;
				GENERATE_INFOPLIST_FILE = YES;
				MARKETING_VERSION = 1.0;
				PRODUCT_BUNDLE_IDENTIFIER = io.agora.test.AUiKaraokeAppUITests;
				PRODUCT_NAME = "$(TARGET_NAME)";
				SWIFT_EMIT_LOC_STRINGS = NO;
				SWIFT_VERSION = 5.0;
				TARGETED_DEVICE_FAMILY = "1,2";
				TEST_TARGET_NAME = AUiKaraokeApp;
			};
			name = Release;
		};
/* End XCBuildConfiguration section */

/* Begin XCConfigurationList section */
		DD1E81CA2A03B522008A49D0 /* Build configuration list for PBXProject "AUiKaraokeApp" */ = {
			isa = XCConfigurationList;
			buildConfigurations = (
				DD1E81F72A03B523008A49D0 /* Debug */,
				DD1E81F82A03B523008A49D0 /* Release */,
			);
			defaultConfigurationIsVisible = 0;
			defaultConfigurationName = Release;
		};
		DD1E81F92A03B523008A49D0 /* Build configuration list for PBXNativeTarget "AUiKaraokeApp" */ = {
			isa = XCConfigurationList;
			buildConfigurations = (
				DD1E81FA2A03B523008A49D0 /* Debug */,
				DD1E81FB2A03B523008A49D0 /* Release */,
			);
			defaultConfigurationIsVisible = 0;
			defaultConfigurationName = Release;
		};
		DD1E81FC2A03B523008A49D0 /* Build configuration list for PBXNativeTarget "AUiKaraokeAppTests" */ = {
			isa = XCConfigurationList;
			buildConfigurations = (
				DD1E81FD2A03B523008A49D0 /* Debug */,
				DD1E81FE2A03B523008A49D0 /* Release */,
			);
			defaultConfigurationIsVisible = 0;
			defaultConfigurationName = Release;
		};
		DD1E81FF2A03B523008A49D0 /* Build configuration list for PBXNativeTarget "AUiKaraokeAppUITests" */ = {
			isa = XCConfigurationList;
			buildConfigurations = (
				DD1E82002A03B523008A49D0 /* Debug */,
				DD1E82012A03B523008A49D0 /* Release */,
			);
			defaultConfigurationIsVisible = 0;
			defaultConfigurationName = Release;
		};
/* End XCConfigurationList section */
	};
	rootObject = DD1E81C72A03B522008A49D0 /* Project object */;
}
