// !$*UTF8*$!
{
	archiveVersion = 1;
	classes = {
	};
	objectVersion = 56;
	objects = {

/* Begin PBXBuildFile section */
		7A8AEB16D6E1F331AC09C739 /* Pods_AUIKaraoke.framework in Frameworks */ = {isa = PBXBuildFile; fileRef = A044B92880FAF25E4D3BBAF7 /* Pods_AUIKaraoke.framework */; };
		A83559C22A6F739C003588A4 /* AUIThemeSettingViewController.swift in Sources */ = {isa = PBXBuildFile; fileRef = A83559C12A6F739C003588A4 /* AUIThemeSettingViewController.swift */; };
		A83559C42A6F7A79003588A4 /* exampleTheme.bundle in Resources */ = {isa = PBXBuildFile; fileRef = A83559C32A6F7A79003588A4 /* exampleTheme.bundle */; };
		A83559C62A6FAA79003588A4 /* AUIListEmptyView.swift in Sources */ = {isa = PBXBuildFile; fileRef = A83559C52A6FAA79003588A4 /* AUIListEmptyView.swift */; };
		DD00C44E2A0BAAD700797229 /* AppDelegate.swift in Sources */ = {isa = PBXBuildFile; fileRef = DD00C44D2A0BAAD700797229 /* AppDelegate.swift */; };
		DD00C4502A0BAAD700797229 /* SceneDelegate.swift in Sources */ = {isa = PBXBuildFile; fileRef = DD00C44F2A0BAAD700797229 /* SceneDelegate.swift */; };
		DD00C4522A0BAAD700797229 /* ViewController.swift in Sources */ = {isa = PBXBuildFile; fileRef = DD00C4512A0BAAD700797229 /* ViewController.swift */; };
		DD00C4552A0BAAD700797229 /* Main.storyboard in Resources */ = {isa = PBXBuildFile; fileRef = DD00C4532A0BAAD700797229 /* Main.storyboard */; };
		DD00C4572A0BAAD800797229 /* Assets.xcassets in Resources */ = {isa = PBXBuildFile; fileRef = DD00C4562A0BAAD800797229 /* Assets.xcassets */; };
		DD00C45A2A0BAAD800797229 /* LaunchScreen.storyboard in Resources */ = {isa = PBXBuildFile; fileRef = DD00C4582A0BAAD800797229 /* LaunchScreen.storyboard */; };
		DD00C4652A0BAAD800797229 /* AUIKaraokeTests.swift in Sources */ = {isa = PBXBuildFile; fileRef = DD00C4642A0BAAD800797229 /* AUIKaraokeTests.swift */; };
		DD00C46F2A0BAAD800797229 /* AUIKaraokeUITests.swift in Sources */ = {isa = PBXBuildFile; fileRef = DD00C46E2A0BAAD800797229 /* AUIKaraokeUITests.swift */; };
		DD00C4712A0BAAD800797229 /* AUIKaraokeUITestsLaunchTests.swift in Sources */ = {isa = PBXBuildFile; fileRef = DD00C4702A0BAAD800797229 /* AUIKaraokeUITestsLaunchTests.swift */; };
		DD00C4862A0BAC7A00797229 /* AUIRoomListCell.swift in Sources */ = {isa = PBXBuildFile; fileRef = DD00C47E2A0BAC7A00797229 /* AUIRoomListCell.swift */; };
		DD00C4872A0BAC7A00797229 /* AUIRoomListViewController.swift in Sources */ = {isa = PBXBuildFile; fileRef = DD00C47F2A0BAC7A00797229 /* AUIRoomListViewController.swift */; };
		DD00C4892A0BAC7A00797229 /* RoomViewController.swift in Sources */ = {isa = PBXBuildFile; fileRef = DD00C4812A0BAC7A00797229 /* RoomViewController.swift */; };
		DD00C48A2A0BAC7A00797229 /* KeyCenter.swift in Sources */ = {isa = PBXBuildFile; fileRef = DD00C4822A0BAC7A00797229 /* KeyCenter.swift */; };
		DD00C48B2A0BAC7A00797229 /* UserInfo.swift in Sources */ = {isa = PBXBuildFile; fileRef = DD00C4852A0BAC7A00797229 /* UserInfo.swift */; };
		DD3587062B0468D2006318ED /* KaraokeUIKit.swift in Sources */ = {isa = PBXBuildFile; fileRef = DD3587052B0468D2006318ED /* KaraokeUIKit.swift */; };
/* End PBXBuildFile section */

/* Begin PBXContainerItemProxy section */
		DD00C4612A0BAAD800797229 /* PBXContainerItemProxy */ = {
			isa = PBXContainerItemProxy;
			containerPortal = DD00C4422A0BAAD700797229 /* Project object */;
			proxyType = 1;
			remoteGlobalIDString = DD00C4492A0BAAD700797229;
			remoteInfo = AUIKaraoke;
		};
		DD00C46B2A0BAAD800797229 /* PBXContainerItemProxy */ = {
			isa = PBXContainerItemProxy;
			containerPortal = DD00C4422A0BAAD700797229 /* Project object */;
			proxyType = 1;
			remoteGlobalIDString = DD00C4492A0BAAD700797229;
			remoteInfo = AUIKaraoke;
		};
/* End PBXContainerItemProxy section */

/* Begin PBXFileReference section */
		30CED821FC8BF6B98B75C421 /* Pods-AUIKaraoke.debug.xcconfig */ = {isa = PBXFileReference; includeInIndex = 1; lastKnownFileType = text.xcconfig; name = "Pods-AUIKaraoke.debug.xcconfig"; path = "Target Support Files/Pods-AUIKaraoke/Pods-AUIKaraoke.debug.xcconfig"; sourceTree = "<group>"; };
		85FC354C2FAAAC938EEFEAC3 /* Pods-AUIKaraoke.release.xcconfig */ = {isa = PBXFileReference; includeInIndex = 1; lastKnownFileType = text.xcconfig; name = "Pods-AUIKaraoke.release.xcconfig"; path = "Target Support Files/Pods-AUIKaraoke/Pods-AUIKaraoke.release.xcconfig"; sourceTree = "<group>"; };
		A044B92880FAF25E4D3BBAF7 /* Pods_AUIKaraoke.framework */ = {isa = PBXFileReference; explicitFileType = wrapper.framework; includeInIndex = 0; path = Pods_AUIKaraoke.framework; sourceTree = BUILT_PRODUCTS_DIR; };
		A83559C12A6F739C003588A4 /* AUIThemeSettingViewController.swift */ = {isa = PBXFileReference; lastKnownFileType = sourcecode.swift; path = AUIThemeSettingViewController.swift; sourceTree = "<group>"; };
		A83559C32A6F7A79003588A4 /* exampleTheme.bundle */ = {isa = PBXFileReference; lastKnownFileType = "wrapper.plug-in"; path = exampleTheme.bundle; sourceTree = "<group>"; };
		A83559C52A6FAA79003588A4 /* AUIListEmptyView.swift */ = {isa = PBXFileReference; lastKnownFileType = sourcecode.swift; path = AUIListEmptyView.swift; sourceTree = "<group>"; };
		DD00C44A2A0BAAD700797229 /* AUIKaraoke.app */ = {isa = PBXFileReference; explicitFileType = wrapper.application; includeInIndex = 0; path = AUIKaraoke.app; sourceTree = BUILT_PRODUCTS_DIR; };
		DD00C44D2A0BAAD700797229 /* AppDelegate.swift */ = {isa = PBXFileReference; lastKnownFileType = sourcecode.swift; path = AppDelegate.swift; sourceTree = "<group>"; };
		DD00C44F2A0BAAD700797229 /* SceneDelegate.swift */ = {isa = PBXFileReference; lastKnownFileType = sourcecode.swift; path = SceneDelegate.swift; sourceTree = "<group>"; };
		DD00C4512A0BAAD700797229 /* ViewController.swift */ = {isa = PBXFileReference; lastKnownFileType = sourcecode.swift; path = ViewController.swift; sourceTree = "<group>"; };
		DD00C4542A0BAAD700797229 /* Base */ = {isa = PBXFileReference; lastKnownFileType = file.storyboard; name = Base; path = Base.lproj/Main.storyboard; sourceTree = "<group>"; };
		DD00C4562A0BAAD800797229 /* Assets.xcassets */ = {isa = PBXFileReference; lastKnownFileType = folder.assetcatalog; path = Assets.xcassets; sourceTree = "<group>"; };
		DD00C4592A0BAAD800797229 /* Base */ = {isa = PBXFileReference; lastKnownFileType = file.storyboard; name = Base; path = Base.lproj/LaunchScreen.storyboard; sourceTree = "<group>"; };
		DD00C45B2A0BAAD800797229 /* Info.plist */ = {isa = PBXFileReference; lastKnownFileType = text.plist.xml; path = Info.plist; sourceTree = "<group>"; };
		DD00C4602A0BAAD800797229 /* AUIKaraokeTests.xctest */ = {isa = PBXFileReference; explicitFileType = wrapper.cfbundle; includeInIndex = 0; path = AUIKaraokeTests.xctest; sourceTree = BUILT_PRODUCTS_DIR; };
		DD00C4642A0BAAD800797229 /* AUIKaraokeTests.swift */ = {isa = PBXFileReference; lastKnownFileType = sourcecode.swift; path = AUIKaraokeTests.swift; sourceTree = "<group>"; };
		DD00C46A2A0BAAD800797229 /* AUIKaraokeUITests.xctest */ = {isa = PBXFileReference; explicitFileType = wrapper.cfbundle; includeInIndex = 0; path = AUIKaraokeUITests.xctest; sourceTree = BUILT_PRODUCTS_DIR; };
		DD00C46E2A0BAAD800797229 /* AUIKaraokeUITests.swift */ = {isa = PBXFileReference; lastKnownFileType = sourcecode.swift; path = AUIKaraokeUITests.swift; sourceTree = "<group>"; };
		DD00C4702A0BAAD800797229 /* AUIKaraokeUITestsLaunchTests.swift */ = {isa = PBXFileReference; lastKnownFileType = sourcecode.swift; path = AUIKaraokeUITestsLaunchTests.swift; sourceTree = "<group>"; };
		DD00C47E2A0BAC7A00797229 /* AUIRoomListCell.swift */ = {isa = PBXFileReference; fileEncoding = 4; lastKnownFileType = sourcecode.swift; path = AUIRoomListCell.swift; sourceTree = "<group>"; };
		DD00C47F2A0BAC7A00797229 /* AUIRoomListViewController.swift */ = {isa = PBXFileReference; fileEncoding = 4; lastKnownFileType = sourcecode.swift; path = AUIRoomListViewController.swift; sourceTree = "<group>"; };
		DD00C4812A0BAC7A00797229 /* RoomViewController.swift */ = {isa = PBXFileReference; fileEncoding = 4; lastKnownFileType = sourcecode.swift; path = RoomViewController.swift; sourceTree = "<group>"; };
		DD00C4822A0BAC7A00797229 /* KeyCenter.swift */ = {isa = PBXFileReference; fileEncoding = 4; lastKnownFileType = sourcecode.swift; path = KeyCenter.swift; sourceTree = "<group>"; };
		DD00C4852A0BAC7A00797229 /* UserInfo.swift */ = {isa = PBXFileReference; fileEncoding = 4; lastKnownFileType = sourcecode.swift; path = UserInfo.swift; sourceTree = "<group>"; };
		DD3587052B0468D2006318ED /* KaraokeUIKit.swift */ = {isa = PBXFileReference; fileEncoding = 4; lastKnownFileType = sourcecode.swift; path = KaraokeUIKit.swift; sourceTree = "<group>"; };
/* End PBXFileReference section */

/* Begin PBXFrameworksBuildPhase section */
		DD00C4472A0BAAD700797229 /* Frameworks */ = {
			isa = PBXFrameworksBuildPhase;
			buildActionMask = 2147483647;
			files = (
				7A8AEB16D6E1F331AC09C739 /* Pods_AUIKaraoke.framework in Frameworks */,
			);
			runOnlyForDeploymentPostprocessing = 0;
		};
		DD00C45D2A0BAAD800797229 /* Frameworks */ = {
			isa = PBXFrameworksBuildPhase;
			buildActionMask = 2147483647;
			files = (
			);
			runOnlyForDeploymentPostprocessing = 0;
		};
		DD00C4672A0BAAD800797229 /* Frameworks */ = {
			isa = PBXFrameworksBuildPhase;
			buildActionMask = 2147483647;
			files = (
			);
			runOnlyForDeploymentPostprocessing = 0;
		};
/* End PBXFrameworksBuildPhase section */

/* Begin PBXGroup section */
		105276F4CD1081A5D1E5511C /* Pods */ = {
			isa = PBXGroup;
			children = (
				30CED821FC8BF6B98B75C421 /* Pods-AUIKaraoke.debug.xcconfig */,
				85FC354C2FAAAC938EEFEAC3 /* Pods-AUIKaraoke.release.xcconfig */,
			);
			path = Pods;
			sourceTree = "<group>";
		};
		ACD9592CA859ABE5D537E261 /* Frameworks */ = {
			isa = PBXGroup;
			children = (
				A044B92880FAF25E4D3BBAF7 /* Pods_AUIKaraoke.framework */,
			);
			name = Frameworks;
			sourceTree = "<group>";
		};
		DD00C4412A0BAAD700797229 = {
			isa = PBXGroup;
			children = (
				DD00C44C2A0BAAD700797229 /* AUIKaraoke */,
				DD00C4632A0BAAD800797229 /* AUIKaraokeTests */,
				DD00C46D2A0BAAD800797229 /* AUIKaraokeUITests */,
				DD00C44B2A0BAAD700797229 /* Products */,
				105276F4CD1081A5D1E5511C /* Pods */,
				ACD9592CA859ABE5D537E261 /* Frameworks */,
			);
			sourceTree = "<group>";
		};
		DD00C44B2A0BAAD700797229 /* Products */ = {
			isa = PBXGroup;
			children = (
				DD00C44A2A0BAAD700797229 /* AUIKaraoke.app */,
				DD00C4602A0BAAD800797229 /* AUIKaraokeTests.xctest */,
				DD00C46A2A0BAAD800797229 /* AUIKaraokeUITests.xctest */,
			);
			name = Products;
			sourceTree = "<group>";
		};
		DD00C44C2A0BAAD700797229 /* AUIKaraoke */ = {
			isa = PBXGroup;
			children = (
				DD3587052B0468D2006318ED /* KaraokeUIKit.swift */,
				A83559C32A6F7A79003588A4 /* exampleTheme.bundle */,
				DD00C47D2A0BAC7A00797229 /* List */,
				DD00C4832A0BAC7A00797229 /* Model */,
				DD00C4822A0BAC7A00797229 /* KeyCenter.swift */,
				DD00C4812A0BAC7A00797229 /* RoomViewController.swift */,
				DD00C44D2A0BAAD700797229 /* AppDelegate.swift */,
				DD00C44F2A0BAAD700797229 /* SceneDelegate.swift */,
				DD00C4512A0BAAD700797229 /* ViewController.swift */,
				DD00C4532A0BAAD700797229 /* Main.storyboard */,
				DD00C4562A0BAAD800797229 /* Assets.xcassets */,
				DD00C4582A0BAAD800797229 /* LaunchScreen.storyboard */,
				DD00C45B2A0BAAD800797229 /* Info.plist */,
			);
			path = AUIKaraoke;
			sourceTree = "<group>";
		};
		DD00C4632A0BAAD800797229 /* AUIKaraokeTests */ = {
			isa = PBXGroup;
			children = (
				DD00C4642A0BAAD800797229 /* AUIKaraokeTests.swift */,
			);
			path = AUIKaraokeTests;
			sourceTree = "<group>";
		};
		DD00C46D2A0BAAD800797229 /* AUIKaraokeUITests */ = {
			isa = PBXGroup;
			children = (
				DD00C46E2A0BAAD800797229 /* AUIKaraokeUITests.swift */,
				DD00C4702A0BAAD800797229 /* AUIKaraokeUITestsLaunchTests.swift */,
			);
			path = AUIKaraokeUITests;
			sourceTree = "<group>";
		};
		DD00C47D2A0BAC7A00797229 /* List */ = {
			isa = PBXGroup;
			children = (
				DD00C47E2A0BAC7A00797229 /* AUIRoomListCell.swift */,
				DD00C47F2A0BAC7A00797229 /* AUIRoomListViewController.swift */,
				A83559C12A6F739C003588A4 /* AUIThemeSettingViewController.swift */,
				A83559C52A6FAA79003588A4 /* AUIListEmptyView.swift */,
			);
			path = List;
			sourceTree = "<group>";
		};
		DD00C4832A0BAC7A00797229 /* Model */ = {
			isa = PBXGroup;
			children = (
				DD00C4842A0BAC7A00797229 /* User */,
			);
			path = Model;
			sourceTree = "<group>";
		};
		DD00C4842A0BAC7A00797229 /* User */ = {
			isa = PBXGroup;
			children = (
				DD00C4852A0BAC7A00797229 /* UserInfo.swift */,
			);
			path = User;
			sourceTree = "<group>";
		};
/* End PBXGroup section */

/* Begin PBXNativeTarget section */
		DD00C4492A0BAAD700797229 /* AUIKaraoke */ = {
			isa = PBXNativeTarget;
			buildConfigurationList = DD00C4742A0BAAD800797229 /* Build configuration list for PBXNativeTarget "AUIKaraoke" */;
			buildPhases = (
				6BD014C2B4EBD7CA7360BB44 /* [CP] Check Pods Manifest.lock */,
				DD00C4462A0BAAD700797229 /* Sources */,
				DD00C4472A0BAAD700797229 /* Frameworks */,
				DD00C4482A0BAAD700797229 /* Resources */,
				CD2695062888764D1A5A97F0 /* [CP] Embed Pods Frameworks */,
				A0F7096168358AAA28B2F23B /* [CP] Copy Pods Resources */,
			);
			buildRules = (
			);
			dependencies = (
			);
			name = AUIKaraoke;
			productName = AUIKaraoke;
			productReference = DD00C44A2A0BAAD700797229 /* AUIKaraoke.app */;
			productType = "com.apple.product-type.application";
		};
		DD00C45F2A0BAAD800797229 /* AUIKaraokeTests */ = {
			isa = PBXNativeTarget;
			buildConfigurationList = DD00C4772A0BAAD800797229 /* Build configuration list for PBXNativeTarget "AUIKaraokeTests" */;
			buildPhases = (
				DD00C45C2A0BAAD800797229 /* Sources */,
				DD00C45D2A0BAAD800797229 /* Frameworks */,
				DD00C45E2A0BAAD800797229 /* Resources */,
			);
			buildRules = (
			);
			dependencies = (
				DD00C4622A0BAAD800797229 /* PBXTargetDependency */,
			);
			name = AUIKaraokeTests;
			productName = AUIKaraokeTests;
			productReference = DD00C4602A0BAAD800797229 /* AUIKaraokeTests.xctest */;
			productType = "com.apple.product-type.bundle.unit-test";
		};
		DD00C4692A0BAAD800797229 /* AUIKaraokeUITests */ = {
			isa = PBXNativeTarget;
			buildConfigurationList = DD00C47A2A0BAAD800797229 /* Build configuration list for PBXNativeTarget "AUIKaraokeUITests" */;
			buildPhases = (
				DD00C4662A0BAAD800797229 /* Sources */,
				DD00C4672A0BAAD800797229 /* Frameworks */,
				DD00C4682A0BAAD800797229 /* Resources */,
			);
			buildRules = (
			);
			dependencies = (
				DD00C46C2A0BAAD800797229 /* PBXTargetDependency */,
			);
			name = AUIKaraokeUITests;
			productName = AUIKaraokeUITests;
			productReference = DD00C46A2A0BAAD800797229 /* AUIKaraokeUITests.xctest */;
			productType = "com.apple.product-type.bundle.ui-testing";
		};
/* End PBXNativeTarget section */

/* Begin PBXProject section */
		DD00C4422A0BAAD700797229 /* Project object */ = {
			isa = PBXProject;
			attributes = {
				BuildIndependentTargetsInParallel = 1;
				LastSwiftUpdateCheck = 1420;
				LastUpgradeCheck = 1420;
				TargetAttributes = {
					DD00C4492A0BAAD700797229 = {
						CreatedOnToolsVersion = 14.2;
					};
					DD00C45F2A0BAAD800797229 = {
						CreatedOnToolsVersion = 14.2;
						TestTargetID = DD00C4492A0BAAD700797229;
					};
					DD00C4692A0BAAD800797229 = {
						CreatedOnToolsVersion = 14.2;
						TestTargetID = DD00C4492A0BAAD700797229;
					};
				};
			};
			buildConfigurationList = DD00C4452A0BAAD700797229 /* Build configuration list for PBXProject "AUIKaraoke" */;
			compatibilityVersion = "Xcode 14.0";
			developmentRegion = en;
			hasScannedForEncodings = 0;
			knownRegions = (
				en,
				Base,
			);
			mainGroup = DD00C4412A0BAAD700797229;
			productRefGroup = DD00C44B2A0BAAD700797229 /* Products */;
			projectDirPath = "";
			projectRoot = "";
			targets = (
				DD00C4492A0BAAD700797229 /* AUIKaraoke */,
				DD00C45F2A0BAAD800797229 /* AUIKaraokeTests */,
				DD00C4692A0BAAD800797229 /* AUIKaraokeUITests */,
			);
		};
/* End PBXProject section */

/* Begin PBXResourcesBuildPhase section */
		DD00C4482A0BAAD700797229 /* Resources */ = {
			isa = PBXResourcesBuildPhase;
			buildActionMask = 2147483647;
			files = (
				DD00C45A2A0BAAD800797229 /* LaunchScreen.storyboard in Resources */,
				DD00C4572A0BAAD800797229 /* Assets.xcassets in Resources */,
				A83559C42A6F7A79003588A4 /* exampleTheme.bundle in Resources */,
				DD00C4552A0BAAD700797229 /* Main.storyboard in Resources */,
			);
			runOnlyForDeploymentPostprocessing = 0;
		};
		DD00C45E2A0BAAD800797229 /* Resources */ = {
			isa = PBXResourcesBuildPhase;
			buildActionMask = 2147483647;
			files = (
			);
			runOnlyForDeploymentPostprocessing = 0;
		};
		DD00C4682A0BAAD800797229 /* Resources */ = {
			isa = PBXResourcesBuildPhase;
			buildActionMask = 2147483647;
			files = (
			);
			runOnlyForDeploymentPostprocessing = 0;
		};
/* End PBXResourcesBuildPhase section */

/* Begin PBXShellScriptBuildPhase section */
		6BD014C2B4EBD7CA7360BB44 /* [CP] Check Pods Manifest.lock */ = {
			isa = PBXShellScriptBuildPhase;
			buildActionMask = 2147483647;
			files = (
			);
			inputFileListPaths = (
			);
			inputPaths = (
				"${PODS_PODFILE_DIR_PATH}/Podfile.lock",
				"${PODS_ROOT}/Manifest.lock",
			);
			name = "[CP] Check Pods Manifest.lock";
			outputFileListPaths = (
			);
			outputPaths = (
				"$(DERIVED_FILE_DIR)/Pods-AUIKaraoke-checkManifestLockResult.txt",
			);
			runOnlyForDeploymentPostprocessing = 0;
			shellPath = /bin/sh;
			shellScript = "diff \"${PODS_PODFILE_DIR_PATH}/Podfile.lock\" \"${PODS_ROOT}/Manifest.lock\" > /dev/null\nif [ $? != 0 ] ; then\n    # print error to STDERR\n    echo \"error: The sandbox is not in sync with the Podfile.lock. Run 'pod install' or update your CocoaPods installation.\" >&2\n    exit 1\nfi\n# This output is used by Xcode 'outputs' to avoid re-running this script phase.\necho \"SUCCESS\" > \"${SCRIPT_OUTPUT_FILE_0}\"\n";
			showEnvVarsInLog = 0;
		};
		A0F7096168358AAA28B2F23B /* [CP] Copy Pods Resources */ = {
			isa = PBXShellScriptBuildPhase;
			buildActionMask = 2147483647;
			files = (
			);
			inputFileListPaths = (
				"${PODS_ROOT}/Target Support Files/Pods-AUIKaraoke/Pods-AUIKaraoke-resources-${CONFIGURATION}-input-files.xcfilelist",
			);
			name = "[CP] Copy Pods Resources";
			outputFileListPaths = (
				"${PODS_ROOT}/Target Support Files/Pods-AUIKaraoke/Pods-AUIKaraoke-resources-${CONFIGURATION}-output-files.xcfilelist",
			);
			runOnlyForDeploymentPostprocessing = 0;
			shellPath = /bin/sh;
			shellScript = "\"${PODS_ROOT}/Target Support Files/Pods-AUIKaraoke/Pods-AUIKaraoke-resources.sh\"\n";
			showEnvVarsInLog = 0;
		};
		CD2695062888764D1A5A97F0 /* [CP] Embed Pods Frameworks */ = {
			isa = PBXShellScriptBuildPhase;
			buildActionMask = 2147483647;
			files = (
			);
			inputFileListPaths = (
				"${PODS_ROOT}/Target Support Files/Pods-AUIKaraoke/Pods-AUIKaraoke-frameworks-${CONFIGURATION}-input-files.xcfilelist",
			);
			name = "[CP] Embed Pods Frameworks";
			outputFileListPaths = (
				"${PODS_ROOT}/Target Support Files/Pods-AUIKaraoke/Pods-AUIKaraoke-frameworks-${CONFIGURATION}-output-files.xcfilelist",
			);
			runOnlyForDeploymentPostprocessing = 0;
			shellPath = /bin/sh;
			shellScript = "\"${PODS_ROOT}/Target Support Files/Pods-AUIKaraoke/Pods-AUIKaraoke-frameworks.sh\"\n";
			showEnvVarsInLog = 0;
		};
/* End PBXShellScriptBuildPhase section */

/* Begin PBXSourcesBuildPhase section */
		DD00C4462A0BAAD700797229 /* Sources */ = {
			isa = PBXSourcesBuildPhase;
			buildActionMask = 2147483647;
			files = (
				DD00C4862A0BAC7A00797229 /* AUIRoomListCell.swift in Sources */,
				DD00C4892A0BAC7A00797229 /* RoomViewController.swift in Sources */,
				DD00C4872A0BAC7A00797229 /* AUIRoomListViewController.swift in Sources */,
				DD00C48A2A0BAC7A00797229 /* KeyCenter.swift in Sources */,
				DD3587062B0468D2006318ED /* KaraokeUIKit.swift in Sources */,
				DD00C4522A0BAAD700797229 /* ViewController.swift in Sources */,
				DD00C44E2A0BAAD700797229 /* AppDelegate.swift in Sources */,
				A83559C22A6F739C003588A4 /* AUIThemeSettingViewController.swift in Sources */,
				DD00C48B2A0BAC7A00797229 /* UserInfo.swift in Sources */,
				A83559C62A6FAA79003588A4 /* AUIListEmptyView.swift in Sources */,
				DD00C4502A0BAAD700797229 /* SceneDelegate.swift in Sources */,
			);
			runOnlyForDeploymentPostprocessing = 0;
		};
		DD00C45C2A0BAAD800797229 /* Sources */ = {
			isa = PBXSourcesBuildPhase;
			buildActionMask = 2147483647;
			files = (
				DD00C4652A0BAAD800797229 /* AUIKaraokeTests.swift in Sources */,
			);
			runOnlyForDeploymentPostprocessing = 0;
		};
		DD00C4662A0BAAD800797229 /* Sources */ = {
			isa = PBXSourcesBuildPhase;
			buildActionMask = 2147483647;
			files = (
				DD00C4712A0BAAD800797229 /* AUIKaraokeUITestsLaunchTests.swift in Sources */,
				DD00C46F2A0BAAD800797229 /* AUIKaraokeUITests.swift in Sources */,
			);
			runOnlyForDeploymentPostprocessing = 0;
		};
/* End PBXSourcesBuildPhase section */

/* Begin PBXTargetDependency section */
		DD00C4622A0BAAD800797229 /* PBXTargetDependency */ = {
			isa = PBXTargetDependency;
			target = DD00C4492A0BAAD700797229 /* AUIKaraoke */;
			targetProxy = DD00C4612A0BAAD800797229 /* PBXContainerItemProxy */;
		};
		DD00C46C2A0BAAD800797229 /* PBXTargetDependency */ = {
			isa = PBXTargetDependency;
			target = DD00C4492A0BAAD700797229 /* AUIKaraoke */;
			targetProxy = DD00C46B2A0BAAD800797229 /* PBXContainerItemProxy */;
		};
/* End PBXTargetDependency section */

/* Begin PBXVariantGroup section */
		DD00C4532A0BAAD700797229 /* Main.storyboard */ = {
			isa = PBXVariantGroup;
			children = (
				DD00C4542A0BAAD700797229 /* Base */,
			);
			name = Main.storyboard;
			sourceTree = "<group>";
		};
		DD00C4582A0BAAD800797229 /* LaunchScreen.storyboard */ = {
			isa = PBXVariantGroup;
			children = (
				DD00C4592A0BAAD800797229 /* Base */,
			);
			name = LaunchScreen.storyboard;
			sourceTree = "<group>";
		};
/* End PBXVariantGroup section */

/* Begin XCBuildConfiguration section */
		DD00C4722A0BAAD800797229 /* Debug */ = {
			isa = XCBuildConfiguration;
			buildSettings = {
				ALWAYS_SEARCH_USER_PATHS = NO;
				CLANG_ANALYZER_NONNULL = YES;
				CLANG_ANALYZER_NUMBER_OBJECT_CONVERSION = YES_AGGRESSIVE;
				CLANG_CXX_LANGUAGE_STANDARD = "gnu++20";
				CLANG_ENABLE_MODULES = YES;
				CLANG_ENABLE_OBJC_ARC = YES;
				CLANG_ENABLE_OBJC_WEAK = YES;
				CLANG_WARN_BLOCK_CAPTURE_AUTORELEASING = YES;
				CLANG_WARN_BOOL_CONVERSION = YES;
				CLANG_WARN_COMMA = YES;
				CLANG_WARN_CONSTANT_CONVERSION = YES;
				CLANG_WARN_DEPRECATED_OBJC_IMPLEMENTATIONS = YES;
				CLANG_WARN_DIRECT_OBJC_ISA_USAGE = YES_ERROR;
				CLANG_WARN_DOCUMENTATION_COMMENTS = YES;
				CLANG_WARN_EMPTY_BODY = YES;
				CLANG_WARN_ENUM_CONVERSION = YES;
				CLANG_WARN_INFINITE_RECURSION = YES;
				CLANG_WARN_INT_CONVERSION = YES;
				CLANG_WARN_NON_LITERAL_NULL_CONVERSION = YES;
				CLANG_WARN_OBJC_IMPLICIT_RETAIN_SELF = YES;
				CLANG_WARN_OBJC_LITERAL_CONVERSION = YES;
				CLANG_WARN_OBJC_ROOT_CLASS = YES_ERROR;
				CLANG_WARN_QUOTED_INCLUDE_IN_FRAMEWORK_HEADER = YES;
				CLANG_WARN_RANGE_LOOP_ANALYSIS = YES;
				CLANG_WARN_STRICT_PROTOTYPES = YES;
				CLANG_WARN_SUSPICIOUS_MOVE = YES;
				CLANG_WARN_UNGUARDED_AVAILABILITY = YES_AGGRESSIVE;
				CLANG_WARN_UNREACHABLE_CODE = YES;
				CLANG_WARN__DUPLICATE_METHOD_MATCH = YES;
				COPY_PHASE_STRIP = NO;
				DEBUG_INFORMATION_FORMAT = dwarf;
				ENABLE_STRICT_OBJC_MSGSEND = YES;
				ENABLE_TESTABILITY = YES;
				GCC_C_LANGUAGE_STANDARD = gnu11;
				GCC_DYNAMIC_NO_PIC = NO;
				GCC_NO_COMMON_BLOCKS = YES;
				GCC_OPTIMIZATION_LEVEL = 0;
				GCC_PREPROCESSOR_DEFINITIONS = (
					"DEBUG=1",
					"$(inherited)",
				);
				GCC_WARN_64_TO_32_BIT_CONVERSION = YES;
				GCC_WARN_ABOUT_RETURN_TYPE = YES_ERROR;
				GCC_WARN_UNDECLARED_SELECTOR = YES;
				GCC_WARN_UNINITIALIZED_AUTOS = YES_AGGRESSIVE;
				GCC_WARN_UNUSED_FUNCTION = YES;
				GCC_WARN_UNUSED_VARIABLE = YES;
				IPHONEOS_DEPLOYMENT_TARGET = 13.0;
				MTL_ENABLE_DEBUG_INFO = INCLUDE_SOURCE;
				MTL_FAST_MATH = YES;
				ONLY_ACTIVE_ARCH = YES;
				SDKROOT = iphoneos;
				SWIFT_ACTIVE_COMPILATION_CONDITIONS = DEBUG;
				SWIFT_OPTIMIZATION_LEVEL = "-Onone";
			};
			name = Debug;
		};
		DD00C4732A0BAAD800797229 /* Release */ = {
			isa = XCBuildConfiguration;
			buildSettings = {
				ALWAYS_SEARCH_USER_PATHS = NO;
				CLANG_ANALYZER_NONNULL = YES;
				CLANG_ANALYZER_NUMBER_OBJECT_CONVERSION = YES_AGGRESSIVE;
				CLANG_CXX_LANGUAGE_STANDARD = "gnu++20";
				CLANG_ENABLE_MODULES = YES;
				CLANG_ENABLE_OBJC_ARC = YES;
				CLANG_ENABLE_OBJC_WEAK = YES;
				CLANG_WARN_BLOCK_CAPTURE_AUTORELEASING = YES;
				CLANG_WARN_BOOL_CONVERSION = YES;
				CLANG_WARN_COMMA = YES;
				CLANG_WARN_CONSTANT_CONVERSION = YES;
				CLANG_WARN_DEPRECATED_OBJC_IMPLEMENTATIONS = YES;
				CLANG_WARN_DIRECT_OBJC_ISA_USAGE = YES_ERROR;
				CLANG_WARN_DOCUMENTATION_COMMENTS = YES;
				CLANG_WARN_EMPTY_BODY = YES;
				CLANG_WARN_ENUM_CONVERSION = YES;
				CLANG_WARN_INFINITE_RECURSION = YES;
				CLANG_WARN_INT_CONVERSION = YES;
				CLANG_WARN_NON_LITERAL_NULL_CONVERSION = YES;
				CLANG_WARN_OBJC_IMPLICIT_RETAIN_SELF = YES;
				CLANG_WARN_OBJC_LITERAL_CONVERSION = YES;
				CLANG_WARN_OBJC_ROOT_CLASS = YES_ERROR;
				CLANG_WARN_QUOTED_INCLUDE_IN_FRAMEWORK_HEADER = YES;
				CLANG_WARN_RANGE_LOOP_ANALYSIS = YES;
				CLANG_WARN_STRICT_PROTOTYPES = YES;
				CLANG_WARN_SUSPICIOUS_MOVE = YES;
				CLANG_WARN_UNGUARDED_AVAILABILITY = YES_AGGRESSIVE;
				CLANG_WARN_UNREACHABLE_CODE = YES;
				CLANG_WARN__DUPLICATE_METHOD_MATCH = YES;
				COPY_PHASE_STRIP = NO;
				DEBUG_INFORMATION_FORMAT = "dwarf-with-dsym";
				ENABLE_NS_ASSERTIONS = NO;
				ENABLE_STRICT_OBJC_MSGSEND = YES;
				GCC_C_LANGUAGE_STANDARD = gnu11;
				GCC_NO_COMMON_BLOCKS = YES;
				GCC_WARN_64_TO_32_BIT_CONVERSION = YES;
				GCC_WARN_ABOUT_RETURN_TYPE = YES_ERROR;
				GCC_WARN_UNDECLARED_SELECTOR = YES;
				GCC_WARN_UNINITIALIZED_AUTOS = YES_AGGRESSIVE;
				GCC_WARN_UNUSED_FUNCTION = YES;
				GCC_WARN_UNUSED_VARIABLE = YES;
				IPHONEOS_DEPLOYMENT_TARGET = 13.0;
				MTL_ENABLE_DEBUG_INFO = NO;
				MTL_FAST_MATH = YES;
				SDKROOT = iphoneos;
				SWIFT_COMPILATION_MODE = wholemodule;
				SWIFT_OPTIMIZATION_LEVEL = "-O";
				VALIDATE_PRODUCT = YES;
			};
			name = Release;
		};
		DD00C4752A0BAAD800797229 /* Debug */ = {
			isa = XCBuildConfiguration;
			baseConfigurationReference = 30CED821FC8BF6B98B75C421 /* Pods-AUIKaraoke.debug.xcconfig */;
			buildSettings = {
				ASSETCATALOG_COMPILER_APPICON_NAME = AppIcon;
				ASSETCATALOG_COMPILER_GLOBAL_ACCENT_COLOR_NAME = AccentColor;
				CODE_SIGN_IDENTITY = "Apple Development";
				CODE_SIGN_STYLE = Automatic;
				CURRENT_PROJECT_VERSION = 0;
				DEVELOPMENT_TEAM = YS397FG5PA;
				GENERATE_INFOPLIST_FILE = YES;
				INFOPLIST_FILE = AUIKaraoke/Info.plist;
				INFOPLIST_KEY_NSCameraUsageDescription = "UIKit needs to apply for camera access";
				INFOPLIST_KEY_NSMicrophoneUsageDescription = "UIKit needs to apply for microphone access";
				INFOPLIST_KEY_UIApplicationSupportsIndirectInputEvents = YES;
				INFOPLIST_KEY_UILaunchStoryboardName = LaunchScreen;
				INFOPLIST_KEY_UIMainStoryboardFile = Main;
				INFOPLIST_KEY_UISupportedInterfaceOrientations = UIInterfaceOrientationPortrait;
				INFOPLIST_KEY_UISupportedInterfaceOrientations_iPad = "UIInterfaceOrientationLandscapeLeft UIInterfaceOrientationLandscapeRight UIInterfaceOrientationPortrait UIInterfaceOrientationPortraitUpsideDown";
				LD_RUNPATH_SEARCH_PATHS = (
					"$(inherited)",
					"@executable_path/Frameworks",
				);
				MARKETING_VERSION = 0.5.3;
				PRODUCT_BUNDLE_IDENTIFIER = io.agora.karaoke.uikit;
				PRODUCT_NAME = "$(TARGET_NAME)";
				PROVISIONING_PROFILE_SPECIFIER = "";
				SUPPORTED_PLATFORMS = "iphoneos iphonesimulator";
				SUPPORTS_MACCATALYST = NO;
				SUPPORTS_MAC_DESIGNED_FOR_IPHONE_IPAD = YES;
				SWIFT_EMIT_LOC_STRINGS = YES;
				SWIFT_VERSION = 5.0;
				TARGETED_DEVICE_FAMILY = 1;
			};
			name = Debug;
		};
		DD00C4762A0BAAD800797229 /* Release */ = {
			isa = XCBuildConfiguration;
			baseConfigurationReference = 85FC354C2FAAAC938EEFEAC3 /* Pods-AUIKaraoke.release.xcconfig */;
			buildSettings = {
				ASSETCATALOG_COMPILER_APPICON_NAME = AppIcon;
				ASSETCATALOG_COMPILER_GLOBAL_ACCENT_COLOR_NAME = AccentColor;
				CODE_SIGN_IDENTITY = "Apple Development";
				CODE_SIGN_STYLE = Automatic;
				CURRENT_PROJECT_VERSION = 0;
				DEVELOPMENT_TEAM = YS397FG5PA;
				GENERATE_INFOPLIST_FILE = YES;
				INFOPLIST_FILE = AUIKaraoke/Info.plist;
				INFOPLIST_KEY_NSCameraUsageDescription = "UIKit needs to apply for camera access";
				INFOPLIST_KEY_NSMicrophoneUsageDescription = "UIKit needs to apply for microphone access";
				INFOPLIST_KEY_UIApplicationSupportsIndirectInputEvents = YES;
				INFOPLIST_KEY_UILaunchStoryboardName = LaunchScreen;
				INFOPLIST_KEY_UIMainStoryboardFile = Main;
				INFOPLIST_KEY_UISupportedInterfaceOrientations = UIInterfaceOrientationPortrait;
				INFOPLIST_KEY_UISupportedInterfaceOrientations_iPad = "UIInterfaceOrientationLandscapeLeft UIInterfaceOrientationLandscapeRight UIInterfaceOrientationPortrait UIInterfaceOrientationPortraitUpsideDown";
				LD_RUNPATH_SEARCH_PATHS = (
					"$(inherited)",
					"@executable_path/Frameworks",
				);
				MARKETING_VERSION = 0.5.3;
				PRODUCT_BUNDLE_IDENTIFIER = io.agora.karaoke.uikit;
				PRODUCT_NAME = "$(TARGET_NAME)";
				PROVISIONING_PROFILE_SPECIFIER = "";
				SUPPORTED_PLATFORMS = "iphoneos iphonesimulator";
				SUPPORTS_MACCATALYST = NO;
				SUPPORTS_MAC_DESIGNED_FOR_IPHONE_IPAD = YES;
				SWIFT_EMIT_LOC_STRINGS = YES;
				SWIFT_VERSION = 5.0;
				TARGETED_DEVICE_FAMILY = 1;
			};
			name = Release;
		};
		DD00C4782A0BAAD800797229 /* Debug */ = {
			isa = XCBuildConfiguration;
			buildSettings = {
				ALWAYS_EMBED_SWIFT_STANDARD_LIBRARIES = YES;
				BUNDLE_LOADER = "$(TEST_HOST)";
				CODE_SIGN_STYLE = Automatic;
				CURRENT_PROJECT_VERSION = 1;
				DEVELOPMENT_TEAM = YS397FG5PA;
				GENERATE_INFOPLIST_FILE = YES;
				IPHONEOS_DEPLOYMENT_TARGET = 16.2;
				MARKETING_VERSION = 1.0;
				PRODUCT_BUNDLE_IDENTIFIER = io.agora.karaoke.uikit.Tests;
				PRODUCT_NAME = "$(TARGET_NAME)";
				SWIFT_EMIT_LOC_STRINGS = NO;
				SWIFT_VERSION = 5.0;
				TARGETED_DEVICE_FAMILY = "1,2";
				TEST_HOST = "$(BUILT_PRODUCTS_DIR)/AUIKaraoke.app/$(BUNDLE_EXECUTABLE_FOLDER_PATH)/AUIKaraoke";
			};
			name = Debug;
		};
		DD00C4792A0BAAD800797229 /* Release */ = {
			isa = XCBuildConfiguration;
			buildSettings = {
				ALWAYS_EMBED_SWIFT_STANDARD_LIBRARIES = YES;
				BUNDLE_LOADER = "$(TEST_HOST)";
				CODE_SIGN_STYLE = Automatic;
				CURRENT_PROJECT_VERSION = 1;
				DEVELOPMENT_TEAM = YS397FG5PA;
				GENERATE_INFOPLIST_FILE = YES;
				IPHONEOS_DEPLOYMENT_TARGET = 16.2;
				MARKETING_VERSION = 1.0;
				PRODUCT_BUNDLE_IDENTIFIER = io.agora.karaoke.uikit.Tests;
				PRODUCT_NAME = "$(TARGET_NAME)";
				SWIFT_EMIT_LOC_STRINGS = NO;
				SWIFT_VERSION = 5.0;
				TARGETED_DEVICE_FAMILY = "1,2";
				TEST_HOST = "$(BUILT_PRODUCTS_DIR)/AUIKaraoke.app/$(BUNDLE_EXECUTABLE_FOLDER_PATH)/AUIKaraoke";
			};
			name = Release;
		};
		DD00C47B2A0BAAD800797229 /* Debug */ = {
			isa = XCBuildConfiguration;
			buildSettings = {
				ALWAYS_EMBED_SWIFT_STANDARD_LIBRARIES = YES;
				CODE_SIGN_STYLE = Automatic;
				CURRENT_PROJECT_VERSION = 1;
				DEVELOPMENT_TEAM = YS397FG5PA;
				GENERATE_INFOPLIST_FILE = YES;
				MARKETING_VERSION = 1.0;
				PRODUCT_BUNDLE_IDENTIFIER = io.agora.karaoke.uikit.UITests;
				PRODUCT_NAME = "$(TARGET_NAME)";
				SWIFT_EMIT_LOC_STRINGS = NO;
				SWIFT_VERSION = 5.0;
				TARGETED_DEVICE_FAMILY = "1,2";
				TEST_TARGET_NAME = AUIKaraoke;
			};
			name = Debug;
		};
		DD00C47C2A0BAAD800797229 /* Release */ = {
			isa = XCBuildConfiguration;
			buildSettings = {
				ALWAYS_EMBED_SWIFT_STANDARD_LIBRARIES = YES;
				CODE_SIGN_STYLE = Automatic;
				CURRENT_PROJECT_VERSION = 1;
				DEVELOPMENT_TEAM = YS397FG5PA;
				GENERATE_INFOPLIST_FILE = YES;
				MARKETING_VERSION = 1.0;
				PRODUCT_BUNDLE_IDENTIFIER = io.agora.karaoke.uikit.UITests;
				PRODUCT_NAME = "$(TARGET_NAME)";
				SWIFT_EMIT_LOC_STRINGS = NO;
				SWIFT_VERSION = 5.0;
				TARGETED_DEVICE_FAMILY = "1,2";
				TEST_TARGET_NAME = AUIKaraoke;
			};
			name = Release;
		};
/* End XCBuildConfiguration section */

/* Begin XCConfigurationList section */
		DD00C4452A0BAAD700797229 /* Build configuration list for PBXProject "AUIKaraoke" */ = {
			isa = XCConfigurationList;
			buildConfigurations = (
				DD00C4722A0BAAD800797229 /* Debug */,
				DD00C4732A0BAAD800797229 /* Release */,
			);
			defaultConfigurationIsVisible = 0;
			defaultConfigurationName = Release;
		};
		DD00C4742A0BAAD800797229 /* Build configuration list for PBXNativeTarget "AUIKaraoke" */ = {
			isa = XCConfigurationList;
			buildConfigurations = (
				DD00C4752A0BAAD800797229 /* Debug */,
				DD00C4762A0BAAD800797229 /* Release */,
			);
			defaultConfigurationIsVisible = 0;
			defaultConfigurationName = Release;
		};
		DD00C4772A0BAAD800797229 /* Build configuration list for PBXNativeTarget "AUIKaraokeTests" */ = {
			isa = XCConfigurationList;
			buildConfigurations = (
				DD00C4782A0BAAD800797229 /* Debug */,
				DD00C4792A0BAAD800797229 /* Release */,
			);
			defaultConfigurationIsVisible = 0;
			defaultConfigurationName = Release;
		};
		DD00C47A2A0BAAD800797229 /* Build configuration list for PBXNativeTarget "AUIKaraokeUITests" */ = {
			isa = XCConfigurationList;
			buildConfigurations = (
				DD00C47B2A0BAAD800797229 /* Debug */,
				DD00C47C2A0BAAD800797229 /* Release */,
			);
			defaultConfigurationIsVisible = 0;
			defaultConfigurationName = Release;
		};
/* End XCConfigurationList section */
	};
	rootObject = DD00C4422A0BAAD700797229 /* Project object */;
}
